
Microsoft Visual Studio Solution File, Format Version 12.00
# Visual Studio Version 16
VisualStudioVersion = 16.0.31605.320
MinimumVisualStudioVersion = 10.0.40219.1
Project("{FAE04EC0-301F-11D3-BF4B-00C04F79EFBC}") = "SendSMSMessages", "SendSMSMessages\SendSMSMessages.csproj", "{F3325B3A-A60A-4968-84F6-B1F1E0029F8E}"
EndProject
Global
	GlobalSection(SolutionConfigurationPlatforms) = preSolution
		Debug|Any CPU = Debug|Any CPU
		Release|Any CPU = Release|Any CPU
	EndGlobalSection
	GlobalSection(ProjectConfigurationPlatforms) = postSolution
		{F3325B3A-A60A-4968-84F6-B1F1E0029F8E}.Debug|Any CPU.ActiveCfg = Debug|Any CPU
		{F3325B3A-A60A-4968-84F6-B1F1E0029F8E}.Debug|Any CPU.Build.0 = Debug|Any CPU
		{F3325B3A-A60A-4968-84F6-B1F1E0029F8E}.Release|Any CPU.ActiveCfg = Release|Any CPU
		{F3325B3A-A60A-4968-84F6-B1F1E0029F8E}.Release|Any CPU.Build.0 = Release|Any CPU
	EndGlobalSection
	GlobalSection(SolutionProperties) = preSolution
		HideSolutionNode = FALSE
	EndGlobalSection
	GlobalSection(ExtensibilityGlobals) = postSolution
		SolutionGuid = {8BD380C7-7E7F-4EDD-85CC-57C5B3D469B1}
	EndGlobalSection
EndGlobal
